
Microsoft Visual Studio Solution File, Format Version 12.00
# Visual Studio Version 17
VisualStudioVersion = 17.6.33829.357
MinimumVisualStudioVersion = 10.0.40219.1
Project("{FAE04EC0-301F-11D3-BF4B-00C04F79EFBC}") = "LTHDT", "LTHDT.csproj", "{AB32381D-9F60-4067-A253-42C20CA6E1CE}"
EndProject
Global
	GlobalSection(SolutionConfigurationPlatforms) = preSolution
		Debug|Any CPU = Debug|Any CPU
		Release|Any CPU = Release|Any CPU
	EndGlobalSection
	GlobalSection(ProjectConfigurationPlatforms) = postSolution
		{AB32381D-9F60-4067-A253-42C20CA6E1CE}.Debug|Any CPU.ActiveCfg = Debug|Any CPU
		{AB32381D-9F60-4067-A253-42C20CA6E1CE}.Debug|Any CPU.Build.0 = Debug|Any CPU
		{AB32381D-9F60-4067-A253-42C20CA6E1CE}.Release|Any CPU.ActiveCfg = Release|Any CPU
		{AB32381D-9F60-4067-A253-42C20CA6E1CE}.Release|Any CPU.Build.0 = Release|Any CPU
	EndGlobalSection
	GlobalSection(SolutionProperties) = preSolution
		HideSolutionNode = FALSE
	EndGlobalSection
	GlobalSection(ExtensibilityGlobals) = postSolution
		SolutionGuid = {37495A5B-81EE-459A-B469-995D7BABF98E}
	EndGlobalSection
EndGlobal
